lockfileVersion: '9.0'

settings:
  autoInstallPeers: true
  excludeLinksFromLockfile: false

importers:

  .:
    dependencies:
      '@types/marked':
        specifier: ^6.0.0
        version: 6.0.0
      marked:
        specifier: ^15.0.8
        version: 15.0.8

packages:

  '@types/marked@6.0.0':
    resolution: {integrity: sha512-jmjpa4BwUsmhxcfsgUit/7A9KbrC48Q0q8KvnY107ogcjGgTFDlIL3RpihNpx2Mu1hM4mdFQjoVc4O6JoGKHsA==}
    deprecated: This is a stub types definition. marked provides its own type definitions, so you do not need this installed.

  marked@15.0.8:
    resolution: {integrity: sha512-rli4l2LyZqpQuRve5C0rkn6pj3hT8EWPC+zkAxFTAJLxRbENfTAhEQq9itrmf1Y81QtAX5D/MYlGlIomNgj9lA==}
    engines: {node: '>= 18'}
    hasBin: true

snapshots:

  '@types/marked@6.0.0':
    dependencies:
      marked: 15.0.8

  marked@15.0.8: {}
